Microsoft Visual Studio Solution File, Format Version 12.00
# Visual Studio Version 17
VisualStudioVersion = 17.5.2.0
MinimumVisualStudioVersion = 10.0.40219.1
Project("{2150E333-8FDC-42A3-9474-1A3956D46DE8}") = "LU01-TheCSWay", "LU01-TheCSWay", "{D784AA78-3276-E2D7-5663-85158C4AE9B8}"
EndProject
Project("{2150E333-8FDC-42A3-9474-1A3956D46DE8}") = "LU02-OOP", "LU02-OOP", "{98745B12-567D-97E9-4C8B-3601B65D8B62}"
EndProject
Project("{2150E333-8FDC-42A3-9474-1A3956D46DE8}") = "LU03-API", "LU03-API", "{04B6F7AA-7E81-1A74-3F75-DD40C30EFE24}"
EndProject
Project("{2150E333-8FDC-42A3-9474-1A3956D46DE8}") = "LU04-DB", "LU04-DB", "{B4CFC27E-5E19-5CA5-26ED-24A58C3675BF}"
EndProject
Project("{2150E333-8FDC-42A3-9474-1A3956D46DE8}") = "LU05-Inheritance", "LU05-Inheritance", "{F5FDAC92-5F3F-E177-C49B-FDA33D4B0143}"
EndProject
Project("{2150E333-8FDC-42A3-9474-1A3956D46DE8}") = "LU06-Data-Structures", "LU06-Data-Structures", "{56B29D6B-88C6-31EA-B68D-79876203A90B}"
EndProject
Project("{FAE04EC0-301F-11D3-BF4B-00C04F79EFBC}") = "Demo", "LU01-TheCSWay\Demo\Demo.csproj", "{2E213790-DF24-7F3A-1CED-E5C4EDC4FA9C}"
EndProject
Project("{2150E333-8FDC-42A3-9474-1A3956D46DE8}") = "L1-Intro-to-Dotnet", "L1-Intro-to-Dotnet", "{9C64708A-3E19-CD46-A62C-65A14095746F}"
EndProject
Project("{FAE04EC0-301F-11D3-BF4B-00C04F79EFBC}") = "HelloWorld", "LU01-TheCSWay\L1-Intro-to-Dotnet\HelloWorld\HelloWorld.csproj", "{21FF5DD3-C468-FA6D-2940-E5F15DFC6394}"
EndProject
Project("{2150E333-8FDC-42A3-9474-1A3956D46DE8}") = "L2-Basic-Syntex", "L2-Basic-Syntex", "{EE3F4A0B-1FB4-E243-F951-C725A9E0FC7F}"
EndProject
Project("{FAE04EC0-301F-11D3-BF4B-00C04F79EFBC}") = "Playground", "LU01-TheCSWay\L2-Basic-Syntex\Playground\Playground.csproj", "{1E4DE876-BA3F-0DA6-FA48-9C373807129E}"
EndProject
Project("{2150E333-8FDC-42A3-9474-1A3956D46DE8}") = "L3-DecisionMaking", "L3-DecisionMaking", "{46CF8124-A7F0-CA04-4373-EC7FE406525F}"
EndProject
Project("{FAE04EC0-301F-11D3-BF4B-00C04F79EFBC}") = "Playground", "LU01-TheCSWay\L3-DecisionMaking\Playground\Playground.csproj", "{BBF401CC-BDAB-AB5A-8A89-86D3BCACC705}"
EndProject
Project("{FAE04EC0-301F-11D3-BF4B-00C04F79EFBC}") = "TemperatureConverter", "LU01-TheCSWay\L3-DecisionMaking\TemperatureConverter\TemperatureConverter.csproj", "{9D93047F-B64E-CCF3-D9CA-713B77240B36}"
EndProject
Project("{2150E333-8FDC-42A3-9474-1A3956D46DE8}") = "L4-Looping", "L4-Looping", "{5133D768-265B-663D-4673-F67DA7EBE066}"
EndProject
Project("{FAE04EC0-301F-11D3-BF4B-00C04F79EFBC}") = "Playground", "LU01-TheCSWay\L4-Looping\Playground\Playground.csproj", "{FFC608EF-B766-6524-0D35-AEBF44EFB228}"
EndProject
Project("{2150E333-8FDC-42A3-9474-1A3956D46DE8}") = "L1-Classes", "L1-Classes", "{6E70FC1B-2210-76D7-F007-6E0991EED0A2}"
EndProject
Project("{FAE04EC0-301F-11D3-BF4B-00C04F79EFBC}") = "CSharpClasses", "LU02-OOP\L1-Classes\CSharpClasses\CSharpClasses.csproj", "{19B37F92-196F-45D9-0179-DB4498DD665B}"
EndProject
Project("{2150E333-8FDC-42A3-9474-1A3956D46DE8}") = "L2-Methods", "L2-Methods", "{4799017C-57B0-FDAC-DDE1-62847C688CDC}"
EndProject
Project("{FAE04EC0-301F-11D3-BF4B-00C04F79EFBC}") = "BankApp", "LU02-OOP\L2-Methods\BankApp\BankApp.csproj", "{94C90B18-2B98-0F52-AE8E-0FFC1FB64D8D}"
EndProject
Project("{2150E333-8FDC-42A3-9474-1A3956D46DE8}") = "L3-Abstraction", "L3-Abstraction", "{FDA3D53D-2981-8E4D-508C-16BA0F912B6E}"
EndProject
Project("{FAE04EC0-301F-11D3-BF4B-00C04F79EFBC}") = "SmartThermostat", "LU02-OOP\L3-Abstraction\SmartThermostat\SmartThermostat.csproj", "{300D3866-9504-5726-701F-180BC44A480E}"
EndProject
Project("{2150E333-8FDC-42A3-9474-1A3956D46DE8}") = "L4-Static", "L4-Static", "{676DA9B0-BF43-6CF2-67E2-E6CCA5D03E32}"
EndProject
Project("{FAE04EC0-301F-11D3-BF4B-00C04F79EFBC}") = "ShippingCost", "LU02-OOP\L4-Static\ShippingCost\ShippingCost.csproj", "{6F7B259D-26AF-A367-DBFD-B6BB94562C26}"
EndProject
Project("{2150E333-8FDC-42A3-9474-1A3956D46DE8}") = "L1-Web-API", "L1-Web-API", "{1E7CEC25-2ACD-0B38-18BF-A15C7EF07FD0}"
EndProject
Project("{FAE04EC0-301F-11D3-BF4B-00C04F79EFBC}") = "FortuneCookie", "LU03-API\L1-Web-API\FortuneCookie\FortuneCookie.csproj", "{F4910E8C-2F49-7E03-9049-8A392ECA1830}"
EndProject
Project("{2150E333-8FDC-42A3-9474-1A3956D46DE8}") = "L2-JSON", "L2-JSON", "{AA062F36-35DF-C0A8-7BDB-12BE8F3F0476}"
EndProject
Project("{FAE04EC0-301F-11D3-BF4B-00C04F79EFBC}") = "PokeAPI", "LU03-API\L2-JSON\PokeAPI\PokeAPI.csproj", "{D883AD60-8D4D-BDFE-BDEF-93BC545FDB1A}"
EndProject
Project("{2150E333-8FDC-42A3-9474-1A3956D46DE8}") = "L3-4-Records", "L3-4-Records", "{A02CF082-9FAC-BE1F-5F81-F9A5950F4715}"
EndProject
Project("{FAE04EC0-301F-11D3-BF4B-00C04F79EFBC}") = "LibraryFines", "LU03-API\L3-4-Records\LibraryFines\LibraryFines.csproj", "{ED5C7147-E9D9-A67B-CCFF-B2A89F985BBF}"
EndProject
Project("{2150E333-8FDC-42A3-9474-1A3956D46DE8}") = "L1-Dapper", "L1-Dapper", "{39EE255B-A985-1158-E4F6-CC2EE51379EE}"
EndProject
Project("{FAE04EC0-301F-11D3-BF4B-00C04F79EFBC}") = "DapperExample", "LU04-DB\L1-Dapper\DapperExample\DapperExample.csproj", "{070351B0-C6C8-3B0D-CBC6-7BAC9605C1CB}"
EndProject
Project("{2150E333-8FDC-42A3-9474-1A3956D46DE8}") = "L2-4", "L2-4", "{FA8D2BDC-D5C2-BBA6-B341-E02E730E9814}"
EndProject
Project("{FAE04EC0-301F-11D3-BF4B-00C04F79EFBC}") = "RetroGameApp", "LU04-DB\L2-4\RetroGameApp\RetroGameApp.csproj", "{27CEACC8-34C1-0F6C-0667-1D4ABC94F528}"
EndProject
Project("{2150E333-8FDC-42A3-9474-1A3956D46DE8}") = "L1-InHeritance", "L1-InHeritance", "{AB97714C-C7BE-8C78-8C79-92B017EF469D}"
EndProject
Project("{FAE04EC0-301F-11D3-BF4B-00C04F79EFBC}") = "InheritanceExample", "LU05-Inheritance\L1-InHeritance\InheritanceExample\InheritanceExample.csproj", "{1B91BDE5-3A75-E73C-E2BF-0058E6CEE680}"
EndProject
Project("{2150E333-8FDC-42A3-9474-1A3956D46DE8}") = "L1-Enums", "L1-Enums", "{67A55C0B-FD1E-8898-C7E0-96A1A72ABA8F}"
EndProject
Project("{FAE04EC0-301F-11D3-BF4B-00C04F79EFBC}") = "EnumExample", "LU06-Data-Structures\L1-Enums\EnumExample\EnumExample.csproj", "{67EB6ADE-0CE8-5950-9DB9-6B596536319B}"
EndProject
Project("{2150E333-8FDC-42A3-9474-1A3956D46DE8}") = "Demo", "Demo", "{2D5B0297-B1A6-2A30-DC57-F5FB3F2C6E7B}"
EndProject
Project("{2150E333-8FDC-42A3-9474-1A3956D46DE8}") = "RockPaperScissors", "RockPaperScissors", "{6FA83EC5-0256-DA18-F7C3-CC013757F753}"
EndProject
Project("{FAE04EC0-301F-11D3-BF4B-00C04F79EFBC}") = "RockPaperScissors", "LU02-OOP\Demo\RockPaperScissors\RockPaperScissors\RockPaperScissors.csproj", "{FF91D983-97DD-D729-EDE3-7533E6CBCB22}"
EndProject
Project("{2150E333-8FDC-42A3-9474-1A3956D46DE8}") = "L2-3-Casting", "L2-3-Casting", "{1BB0554A-FE81-A1CB-09B7-43704B5608C9}"
EndProject
Project("{2150E333-8FDC-42A3-9474-1A3956D46DE8}") = "SwitchingObjectTypes", "SwitchingObjectTypes", "{F87C4848-20F9-CAEB-243B-63AAB8DBF51F}"
EndProject
Project("{FAE04EC0-301F-11D3-BF4B-00C04F79EFBC}") = "EmployeeConsole", "LU05-Inheritance\L2-3-Casting\SwitchingObjectTypes\EmployeeConsole\EmployeeConsole.csproj", "{8C97E7F4-665B-2ACF-D8AC-23ACDAE13A36}"
EndProject
Project("{FAE04EC0-301F-11D3-BF4B-00C04F79EFBC}") = "EmployeeLibrary", "LU05-Inheritance\L2-3-Casting\SwitchingObjectTypes\EmployeeLibrary\EmployeeLibrary.csproj", "{05ECA28C-5802-05AE-F160-19A68504F567}"
EndProject
Project("{2150E333-8FDC-42A3-9474-1A3956D46DE8}") = "L2-4-Inheritance-DB", "L2-4-Inheritance-DB", "{B23991C6-58FE-3E5D-775D-EB0E3C2F3730}"
EndProject
Project("{2150E333-8FDC-42A3-9474-1A3956D46DE8}") = "UrbanMobility", "UrbanMobility", "{37EF6998-C2DC-D193-6DB6-AC39D15AE727}"
EndProject
Project("{FAE04EC0-301F-11D3-BF4B-00C04F79EFBC}") = "UrbanMobility.Api", "LU06-Data-Structures\L2-4-Inheritance-DB\UrbanMobility\UrbanMobility.Api\UrbanMobility.Api.csproj", "{D205B50E-5B45-4237-6D28-E2DD669EB4B7}"
EndProject
Global
	GlobalSection(SolutionConfigurationPlatforms) = preSolution
		Debug|Any CPU = Debug|Any CPU
		Release|Any CPU = Release|Any CPU
	EndGlobalSection
	GlobalSection(ProjectConfigurationPlatforms) = postSolution
		{2E213790-DF24-7F3A-1CED-E5C4EDC4FA9C}.Debug|Any CPU.ActiveCfg = Debug|Any CPU
		{2E213790-DF24-7F3A-1CED-E5C4EDC4FA9C}.Debug|Any CPU.Build.0 = Debug|Any CPU
		{2E213790-DF24-7F3A-1CED-E5C4EDC4FA9C}.Release|Any CPU.ActiveCfg = Release|Any CPU
		{2E213790-DF24-7F3A-1CED-E5C4EDC4FA9C}.Release|Any CPU.Build.0 = Release|Any CPU
		{21FF5DD3-C468-FA6D-2940-E5F15DFC6394}.Debug|Any CPU.ActiveCfg = Debug|Any CPU
		{21FF5DD3-C468-FA6D-2940-E5F15DFC6394}.Debug|Any CPU.Build.0 = Debug|Any CPU
		{21FF5DD3-C468-FA6D-2940-E5F15DFC6394}.Release|Any CPU.ActiveCfg = Release|Any CPU
		{21FF5DD3-C468-FA6D-2940-E5F15DFC6394}.Release|Any CPU.Build.0 = Release|Any CPU
		{1E4DE876-BA3F-0DA6-FA48-9C373807129E}.Debug|Any CPU.ActiveCfg = Debug|Any CPU
		{1E4DE876-BA3F-0DA6-FA48-9C373807129E}.Debug|Any CPU.Build.0 = Debug|Any CPU
		{1E4DE876-BA3F-0DA6-FA48-9C373807129E}.Release|Any CPU.ActiveCfg = Release|Any CPU
		{1E4DE876-BA3F-0DA6-FA48-9C373807129E}.Release|Any CPU.Build.0 = Release|Any CPU
		{BBF401CC-BDAB-AB5A-8A89-86D3BCACC705}.Debug|Any CPU.ActiveCfg = Debug|Any CPU
		{BBF401CC-BDAB-AB5A-8A89-86D3BCACC705}.Debug|Any CPU.Build.0 = Debug|Any CPU
		{BBF401CC-BDAB-AB5A-8A89-86D3BCACC705}.Release|Any CPU.ActiveCfg = Release|Any CPU
		{BBF401CC-BDAB-AB5A-8A89-86D3BCACC705}.Release|Any CPU.Build.0 = Release|Any CPU
		{9D93047F-B64E-CCF3-D9CA-713B77240B36}.Debug|Any CPU.ActiveCfg = Debug|Any CPU
		{9D93047F-B64E-CCF3-D9CA-713B77240B36}.Debug|Any CPU.Build.0 = Debug|Any CPU
		{9D93047F-B64E-CCF3-D9CA-713B77240B36}.Release|Any CPU.ActiveCfg = Release|Any CPU
		{9D93047F-B64E-CCF3-D9CA-713B77240B36}.Release|Any CPU.Build.0 = Release|Any CPU
		{FFC608EF-B766-6524-0D35-AEBF44EFB228}.Debug|Any CPU.ActiveCfg = Debug|Any CPU
		{FFC608EF-B766-6524-0D35-AEBF44EFB228}.Debug|Any CPU.Build.0 = Debug|Any CPU
		{FFC608EF-B766-6524-0D35-AEBF44EFB228}.Release|Any CPU.ActiveCfg = Release|Any CPU
		{FFC608EF-B766-6524-0D35-AEBF44EFB228}.Release|Any CPU.Build.0 = Release|Any CPU
		{19B37F92-196F-45D9-0179-DB4498DD665B}.Debug|Any CPU.ActiveCfg = Debug|Any CPU
		{19B37F92-196F-45D9-0179-DB4498DD665B}.Debug|Any CPU.Build.0 = Debug|Any CPU
		{19B37F92-196F-45D9-0179-DB4498DD665B}.Release|Any CPU.ActiveCfg = Release|Any CPU
		{19B37F92-196F-45D9-0179-DB4498DD665B}.Release|Any CPU.Build.0 = Release|Any CPU
		{94C90B18-2B98-0F52-AE8E-0FFC1FB64D8D}.Debug|Any CPU.ActiveCfg = Debug|Any CPU
		{94C90B18-2B98-0F52-AE8E-0FFC1FB64D8D}.Debug|Any CPU.Build.0 = Debug|Any CPU
		{94C90B18-2B98-0F52-AE8E-0FFC1FB64D8D}.Release|Any CPU.ActiveCfg = Release|Any CPU
		{94C90B18-2B98-0F52-AE8E-0FFC1FB64D8D}.Release|Any CPU.Build.0 = Release|Any CPU
		{300D3866-9504-5726-701F-180BC44A480E}.Debug|Any CPU.ActiveCfg = Debug|Any CPU
		{300D3866-9504-5726-701F-180BC44A480E}.Debug|Any CPU.Build.0 = Debug|Any CPU
		{300D3866-9504-5726-701F-180BC44A480E}.Release|Any CPU.ActiveCfg = Release|Any CPU
		{300D3866-9504-5726-701F-180BC44A480E}.Release|Any CPU.Build.0 = Release|Any CPU
		{6F7B259D-26AF-A367-DBFD-B6BB94562C26}.Debug|Any CPU.ActiveCfg = Debug|Any CPU
		{6F7B259D-26AF-A367-DBFD-B6BB94562C26}.Debug|Any CPU.Build.0 = Debug|Any CPU
		{6F7B259D-26AF-A367-DBFD-B6BB94562C26}.Release|Any CPU.ActiveCfg = Release|Any CPU
		{6F7B259D-26AF-A367-DBFD-B6BB94562C26}.Release|Any CPU.Build.0 = Release|Any CPU
		{F4910E8C-2F49-7E03-9049-8A392ECA1830}.Debug|Any CPU.ActiveCfg = Debug|Any CPU
		{F4910E8C-2F49-7E03-9049-8A392ECA1830}.Debug|Any CPU.Build.0 = Debug|Any CPU
		{F4910E8C-2F49-7E03-9049-8A392ECA1830}.Release|Any CPU.ActiveCfg = Release|Any CPU
		{F4910E8C-2F49-7E03-9049-8A392ECA1830}.Release|Any CPU.Build.0 = Release|Any CPU
		{D883AD60-8D4D-BDFE-BDEF-93BC545FDB1A}.Debug|Any CPU.ActiveCfg = Debug|Any CPU
		{D883AD60-8D4D-BDFE-BDEF-93BC545FDB1A}.Debug|Any CPU.Build.0 = Debug|Any CPU
		{D883AD60-8D4D-BDFE-BDEF-93BC545FDB1A}.Release|Any CPU.ActiveCfg = Release|Any CPU
		{D883AD60-8D4D-BDFE-BDEF-93BC545FDB1A}.Release|Any CPU.Build.0 = Release|Any CPU
		{ED5C7147-E9D9-A67B-CCFF-B2A89F985BBF}.Debug|Any CPU.ActiveCfg = Debug|Any CPU
		{ED5C7147-E9D9-A67B-CCFF-B2A89F985BBF}.Debug|Any CPU.Build.0 = Debug|Any CPU
		{ED5C7147-E9D9-A67B-CCFF-B2A89F985BBF}.Release|Any CPU.ActiveCfg = Release|Any CPU
		{ED5C7147-E9D9-A67B-CCFF-B2A89F985BBF}.Release|Any CPU.Build.0 = Release|Any CPU
		{070351B0-C6C8-3B0D-CBC6-7BAC9605C1CB}.Debug|Any CPU.ActiveCfg = Debug|Any CPU
		{070351B0-C6C8-3B0D-CBC6-7BAC9605C1CB}.Debug|Any CPU.Build.0 = Debug|Any CPU
		{070351B0-C6C8-3B0D-CBC6-7BAC9605C1CB}.Release|Any CPU.ActiveCfg = Release|Any CPU
		{070351B0-C6C8-3B0D-CBC6-7BAC9605C1CB}.Release|Any CPU.Build.0 = Release|Any CPU
		{27CEACC8-34C1-0F6C-0667-1D4ABC94F528}.Debug|Any CPU.ActiveCfg = Debug|Any CPU
		{27CEACC8-34C1-0F6C-0667-1D4ABC94F528}.Debug|Any CPU.Build.0 = Debug|Any CPU
		{27CEACC8-34C1-0F6C-0667-1D4ABC94F528}.Release|Any CPU.ActiveCfg = Release|Any CPU
		{27CEACC8-34C1-0F6C-0667-1D4ABC94F528}.Release|Any CPU.Build.0 = Release|Any CPU
		{1B91BDE5-3A75-E73C-E2BF-0058E6CEE680}.Debug|Any CPU.ActiveCfg = Debug|Any CPU
		{1B91BDE5-3A75-E73C-E2BF-0058E6CEE680}.Debug|Any CPU.Build.0 = Debug|Any CPU
		{1B91BDE5-3A75-E73C-E2BF-0058E6CEE680}.Release|Any CPU.ActiveCfg = Release|Any CPU
		{1B91BDE5-3A75-E73C-E2BF-0058E6CEE680}.Release|Any CPU.Build.0 = Release|Any CPU
		{67EB6ADE-0CE8-5950-9DB9-6B596536319B}.Debug|Any CPU.ActiveCfg = Debug|Any CPU
		{67EB6ADE-0CE8-5950-9DB9-6B596536319B}.Debug|Any CPU.Build.0 = Debug|Any CPU
		{67EB6ADE-0CE8-5950-9DB9-6B596536319B}.Release|Any CPU.ActiveCfg = Release|Any CPU
		{67EB6ADE-0CE8-5950-9DB9-6B596536319B}.Release|Any CPU.Build.0 = Release|Any CPU
		{FF91D983-97DD-D729-EDE3-7533E6CBCB22}.Debug|Any CPU.ActiveCfg = Debug|Any CPU
		{FF91D983-97DD-D729-EDE3-7533E6CBCB22}.Debug|Any CPU.Build.0 = Debug|Any CPU
		{FF91D983-97DD-D729-EDE3-7533E6CBCB22}.Release|Any CPU.ActiveCfg = Release|Any CPU
		{FF91D983-97DD-D729-EDE3-7533E6CBCB22}.Release|Any CPU.Build.0 = Release|Any CPU
		{8C97E7F4-665B-2ACF-D8AC-23ACDAE13A36}.Debug|Any CPU.ActiveCfg = Debug|Any CPU
		{8C97E7F4-665B-2ACF-D8AC-23ACDAE13A36}.Debug|Any CPU.Build.0 = Debug|Any CPU
		{8C97E7F4-665B-2ACF-D8AC-23ACDAE13A36}.Release|Any CPU.ActiveCfg = Release|Any CPU
		{8C97E7F4-665B-2ACF-D8AC-23ACDAE13A36}.Release|Any CPU.Build.0 = Release|Any CPU
		{05ECA28C-5802-05AE-F160-19A68504F567}.Debug|Any CPU.ActiveCfg = Debug|Any CPU
		{05ECA28C-5802-05AE-F160-19A68504F567}.Debug|Any CPU.Build.0 = Debug|Any CPU
		{05ECA28C-5802-05AE-F160-19A68504F567}.Release|Any CPU.ActiveCfg = Release|Any CPU
		{05ECA28C-5802-05AE-F160-19A68504F567}.Release|Any CPU.Build.0 = Release|Any CPU
		{D205B50E-5B45-4237-6D28-E2DD669EB4B7}.Debug|Any CPU.ActiveCfg = Debug|Any CPU
		{D205B50E-5B45-4237-6D28-E2DD669EB4B7}.Debug|Any CPU.Build.0 = Debug|Any CPU
		{D205B50E-5B45-4237-6D28-E2DD669EB4B7}.Release|Any CPU.ActiveCfg = Release|Any CPU
		{D205B50E-5B45-4237-6D28-E2DD669EB4B7}.Release|Any CPU.Build.0 = Release|Any CPU
	EndGlobalSection
	GlobalSection(SolutionProperties) = preSolution
		HideSolutionNode = FALSE
	EndGlobalSection
	GlobalSection(NestedProjects) = preSolution
		{2E213790-DF24-7F3A-1CED-E5C4EDC4FA9C} = {D784AA78-3276-E2D7-5663-85158C4AE9B8}
		{9C64708A-3E19-CD46-A62C-65A14095746F} = {D784AA78-3276-E2D7-5663-85158C4AE9B8}
		{21FF5DD3-C468-FA6D-2940-E5F15DFC6394} = {9C64708A-3E19-CD46-A62C-65A14095746F}
		{EE3F4A0B-1FB4-E243-F951-C725A9E0FC7F} = {D784AA78-3276-E2D7-5663-85158C4AE9B8}
		{1E4DE876-BA3F-0DA6-FA48-9C373807129E} = {EE3F4A0B-1FB4-E243-F951-C725A9E0FC7F}
		{46CF8124-A7F0-CA04-4373-EC7FE406525F} = {D784AA78-3276-E2D7-5663-85158C4AE9B8}
		{BBF401CC-BDAB-AB5A-8A89-86D3BCACC705} = {46CF8124-A7F0-CA04-4373-EC7FE406525F}
		{9D93047F-B64E-CCF3-D9CA-713B77240B36} = {46CF8124-A7F0-CA04-4373-EC7FE406525F}
		{5133D768-265B-663D-4673-F67DA7EBE066} = {D784AA78-3276-E2D7-5663-85158C4AE9B8}
		{FFC608EF-B766-6524-0D35-AEBF44EFB228} = {5133D768-265B-663D-4673-F67DA7EBE066}
		{6E70FC1B-2210-76D7-F007-6E0991EED0A2} = {98745B12-567D-97E9-4C8B-3601B65D8B62}
		{19B37F92-196F-45D9-0179-DB4498DD665B} = {6E70FC1B-2210-76D7-F007-6E0991EED0A2}
		{4799017C-57B0-FDAC-DDE1-62847C688CDC} = {98745B12-567D-97E9-4C8B-3601B65D8B62}
		{94C90B18-2B98-0F52-AE8E-0FFC1FB64D8D} = {4799017C-57B0-FDAC-DDE1-62847C688CDC}
		{FDA3D53D-2981-8E4D-508C-16BA0F912B6E} = {98745B12-567D-97E9-4C8B-3601B65D8B62}
		{300D3866-9504-5726-701F-180BC44A480E} = {FDA3D53D-2981-8E4D-508C-16BA0F912B6E}
		{676DA9B0-BF43-6CF2-67E2-E6CCA5D03E32} = {98745B12-567D-97E9-4C8B-3601B65D8B62}
		{6F7B259D-26AF-A367-DBFD-B6BB94562C26} = {676DA9B0-BF43-6CF2-67E2-E6CCA5D03E32}
		{1E7CEC25-2ACD-0B38-18BF-A15C7EF07FD0} = {04B6F7AA-7E81-1A74-3F75-DD40C30EFE24}
		{F4910E8C-2F49-7E03-9049-8A392ECA1830} = {1E7CEC25-2ACD-0B38-18BF-A15C7EF07FD0}
		{AA062F36-35DF-C0A8-7BDB-12BE8F3F0476} = {04B6F7AA-7E81-1A74-3F75-DD40C30EFE24}
		{D883AD60-8D4D-BDFE-BDEF-93BC545FDB1A} = {AA062F36-35DF-C0A8-7BDB-12BE8F3F0476}
		{A02CF082-9FAC-BE1F-5F81-F9A5950F4715} = {04B6F7AA-7E81-1A74-3F75-DD40C30EFE24}
		{ED5C7147-E9D9-A67B-CCFF-B2A89F985BBF} = {A02CF082-9FAC-BE1F-5F81-F9A5950F4715}
		{39EE255B-A985-1158-E4F6-CC2EE51379EE} = {B4CFC27E-5E19-5CA5-26ED-24A58C3675BF}
		{070351B0-C6C8-3B0D-CBC6-7BAC9605C1CB} = {39EE255B-A985-1158-E4F6-CC2EE51379EE}
		{FA8D2BDC-D5C2-BBA6-B341-E02E730E9814} = {B4CFC27E-5E19-5CA5-26ED-24A58C3675BF}
		{27CEACC8-34C1-0F6C-0667-1D4ABC94F528} = {FA8D2BDC-D5C2-BBA6-B341-E02E730E9814}
		{AB97714C-C7BE-8C78-8C79-92B017EF469D} = {F5FDAC92-5F3F-E177-C49B-FDA33D4B0143}
		{1B91BDE5-3A75-E73C-E2BF-0058E6CEE680} = {AB97714C-C7BE-8C78-8C79-92B017EF469D}
		{67A55C0B-FD1E-8898-C7E0-96A1A72ABA8F} = {56B29D6B-88C6-31EA-B68D-79876203A90B}
		{67EB6ADE-0CE8-5950-9DB9-6B596536319B} = {67A55C0B-FD1E-8898-C7E0-96A1A72ABA8F}
		{2D5B0297-B1A6-2A30-DC57-F5FB3F2C6E7B} = {98745B12-567D-97E9-4C8B-3601B65D8B62}
		{6FA83EC5-0256-DA18-F7C3-CC013757F753} = {2D5B0297-B1A6-2A30-DC57-F5FB3F2C6E7B}
		{FF91D983-97DD-D729-EDE3-7533E6CBCB22} = {6FA83EC5-0256-DA18-F7C3-CC013757F753}
		{1BB0554A-FE81-A1CB-09B7-43704B5608C9} = {F5FDAC92-5F3F-E177-C49B-FDA33D4B0143}
		{F87C4848-20F9-CAEB-243B-63AAB8DBF51F} = {1BB0554A-FE81-A1CB-09B7-43704B5608C9}
		{8C97E7F4-665B-2ACF-D8AC-23ACDAE13A36} = {F87C4848-20F9-CAEB-243B-63AAB8DBF51F}
		{05ECA28C-5802-05AE-F160-19A68504F567} = {F87C4848-20F9-CAEB-243B-63AAB8DBF51F}
		{B23991C6-58FE-3E5D-775D-EB0E3C2F3730} = {56B29D6B-88C6-31EA-B68D-79876203A90B}
		{37EF6998-C2DC-D193-6DB6-AC39D15AE727} = {B23991C6-58FE-3E5D-775D-EB0E3C2F3730}
		{D205B50E-5B45-4237-6D28-E2DD669EB4B7} = {37EF6998-C2DC-D193-6DB6-AC39D15AE727}
	EndGlobalSection
	GlobalSection(ExtensibilityGlobals) = postSolution
		SolutionGuid = {26ECE317-5494-4053-ABD4-65C97D5F8329}
	EndGlobalSection
EndGlobal
